
Microsoft Visual Studio Solution File, Format Version 12.00
# Visual Studio 2013
VisualStudioVersion = 12.0.30723.0
MinimumVisualStudioVersion = 10.0.40219.1
Project("{FAE04EC0-301F-11D3-BF4B-00C04F79EFBC}") = "Lex.Db.iOS", "Lex.Db\Lex.Db.iOS.csproj", "{2F7560B6-7DF6-4E87-AA34-4B7F085DA7F0}"
EndProject
Project("{FAE04EC0-301F-11D3-BF4B-00C04F79EFBC}") = "Lex.Db.Tests.iOS", "Lex.Db.Tests\iOS\Lex.Db.Tests.iOS.csproj", "{F4D8D456-1234-4607-8EC0-4A77CC13BEF3}"
EndProject
Project("{FAE04EC0-301F-11D3-BF4B-00C04F79EFBC}") = "Lex.Db.Net45", "Lex.Db\Lex.Db.Net45.csproj", "{CF7AB17A-E786-418B-A86C-E9A1A6C9D801}"
EndProject
Project("{FAE04EC0-301F-11D3-BF4B-00C04F79EFBC}") = "Lex.Db.Tests.Net45", "Lex.Db.Tests\Net45\Lex.Db.Tests.Net45.csproj", "{F4D8D456-3947-4607-8EC0-4A77CC13BEF3}"
EndProject
Project("{FAE04EC0-301F-11D3-BF4B-00C04F79EFBC}") = "Lex.Db.Profiling", "Lex.Db.Profiling\Lex.Db.Profiling.csproj", "{CEB96980-305B-4863-8D8E-27623EFC2449}"
EndProject
Project("{FAE04EC0-301F-11D3-BF4B-00C04F79EFBC}") = "Lex.Db.WinRT81", "Lex.Db\Lex.Db.WinRT81.csproj", "{7C063ABD-5807-4076-99AF-F7167AFDA82E}"
EndProject
Global
	GlobalSection(SolutionConfigurationPlatforms) = preSolution
		Debug|Any CPU = Debug|Any CPU
		Debug|ARM = Debug|ARM
		Debug|x64 = Debug|x64
		Debug|x86 = Debug|x86
		Release|Any CPU = Release|Any CPU
		Release|ARM = Release|ARM
		Release|x64 = Release|x64
		Release|x86 = Release|x86
	EndGlobalSection
	GlobalSection(ProjectConfigurationPlatforms) = postSolution
		{2F7560B6-7DF6-4E87-AA34-4B7F085DA7F0}.Debug|Any CPU.ActiveCfg = Debug|Any CPU
		{2F7560B6-7DF6-4E87-AA34-4B7F085DA7F0}.Debug|Any CPU.Build.0 = Debug|Any CPU
		{2F7560B6-7DF6-4E87-AA34-4B7F085DA7F0}.Debug|ARM.ActiveCfg = Debug|Any CPU
		{2F7560B6-7DF6-4E87-AA34-4B7F085DA7F0}.Debug|x64.ActiveCfg = Debug|Any CPU
		{2F7560B6-7DF6-4E87-AA34-4B7F085DA7F0}.Debug|x86.ActiveCfg = Debug|Any CPU
		{2F7560B6-7DF6-4E87-AA34-4B7F085DA7F0}.Release|Any CPU.ActiveCfg = Release|Any CPU
		{2F7560B6-7DF6-4E87-AA34-4B7F085DA7F0}.Release|Any CPU.Build.0 = Release|Any CPU
		{2F7560B6-7DF6-4E87-AA34-4B7F085DA7F0}.Release|ARM.ActiveCfg = Release|Any CPU
		{2F7560B6-7DF6-4E87-AA34-4B7F085DA7F0}.Release|x64.ActiveCfg = Release|Any CPU
		{2F7560B6-7DF6-4E87-AA34-4B7F085DA7F0}.Release|x86.ActiveCfg = Release|Any CPU
		{F4D8D456-1234-4607-8EC0-4A77CC13BEF3}.Debug|Any CPU.ActiveCfg = Debug|Any CPU
		{F4D8D456-1234-4607-8EC0-4A77CC13BEF3}.Debug|Any CPU.Build.0 = Debug|Any CPU
		{F4D8D456-1234-4607-8EC0-4A77CC13BEF3}.Debug|ARM.ActiveCfg = Debug|Any CPU
		{F4D8D456-1234-4607-8EC0-4A77CC13BEF3}.Debug|x64.ActiveCfg = Debug|Any CPU
		{F4D8D456-1234-4607-8EC0-4A77CC13BEF3}.Debug|x86.ActiveCfg = Debug|Any CPU
		{F4D8D456-1234-4607-8EC0-4A77CC13BEF3}.Release|Any CPU.ActiveCfg = Release|Any CPU
		{F4D8D456-1234-4607-8EC0-4A77CC13BEF3}.Release|Any CPU.Build.0 = Release|Any CPU
		{F4D8D456-1234-4607-8EC0-4A77CC13BEF3}.Release|ARM.ActiveCfg = Release|Any CPU
		{F4D8D456-1234-4607-8EC0-4A77CC13BEF3}.Release|x64.ActiveCfg = Release|Any CPU
		{F4D8D456-1234-4607-8EC0-4A77CC13BEF3}.Release|x86.ActiveCfg = Release|Any CPU
		{CF7AB17A-E786-418B-A86C-E9A1A6C9D801}.Debug|Any CPU.ActiveCfg = Debug|Any CPU
		{CF7AB17A-E786-418B-A86C-E9A1A6C9D801}.Debug|Any CPU.Build.0 = Debug|Any CPU
		{CF7AB17A-E786-418B-A86C-E9A1A6C9D801}.Debug|ARM.ActiveCfg = Debug|Any CPU
		{CF7AB17A-E786-418B-A86C-E9A1A6C9D801}.Debug|x64.ActiveCfg = Debug|Any CPU
		{CF7AB17A-E786-418B-A86C-E9A1A6C9D801}.Debug|x86.ActiveCfg = Debug|Any CPU
		{CF7AB17A-E786-418B-A86C-E9A1A6C9D801}.Release|Any CPU.ActiveCfg = Release|Any CPU
		{CF7AB17A-E786-418B-A86C-E9A1A6C9D801}.Release|Any CPU.Build.0 = Release|Any CPU
		{CF7AB17A-E786-418B-A86C-E9A1A6C9D801}.Release|ARM.ActiveCfg = Release|Any CPU
		{CF7AB17A-E786-418B-A86C-E9A1A6C9D801}.Release|x64.ActiveCfg = Release|Any CPU
		{CF7AB17A-E786-418B-A86C-E9A1A6C9D801}.Release|x86.ActiveCfg = Release|Any CPU
		{F4D8D456-3947-4607-8EC0-4A77CC13BEF3}.Debug|Any CPU.ActiveCfg = Debug|Any CPU
		{F4D8D456-3947-4607-8EC0-4A77CC13BEF3}.Debug|Any CPU.Build.0 = Debug|Any CPU
		{F4D8D456-3947-4607-8EC0-4A77CC13BEF3}.Debug|ARM.ActiveCfg = Debug|Any CPU
		{F4D8D456-3947-4607-8EC0-4A77CC13BEF3}.Debug|x64.ActiveCfg = Debug|Any CPU
		{F4D8D456-3947-4607-8EC0-4A77CC13BEF3}.Debug|x86.ActiveCfg = Debug|Any CPU
		{F4D8D456-3947-4607-8EC0-4A77CC13BEF3}.Release|Any CPU.ActiveCfg = Release|Any CPU
		{F4D8D456-3947-4607-8EC0-4A77CC13BEF3}.Release|Any CPU.Build.0 = Release|Any CPU
		{F4D8D456-3947-4607-8EC0-4A77CC13BEF3}.Release|ARM.ActiveCfg = Release|Any CPU
		{F4D8D456-3947-4607-8EC0-4A77CC13BEF3}.Release|x64.ActiveCfg = Release|Any CPU
		{F4D8D456-3947-4607-8EC0-4A77CC13BEF3}.Release|x86.ActiveCfg = Release|Any CPU
		{CEB96980-305B-4863-8D8E-27623EFC2449}.Debug|Any CPU.ActiveCfg = Debug|Any CPU
		{CEB96980-305B-4863-8D8E-27623EFC2449}.Debug|Any CPU.Build.0 = Debug|Any CPU
		{CEB96980-305B-4863-8D8E-27623EFC2449}.Debug|ARM.ActiveCfg = Debug|Any CPU
		{CEB96980-305B-4863-8D8E-27623EFC2449}.Debug|x64.ActiveCfg = Debug|Any CPU
		{CEB96980-305B-4863-8D8E-27623EFC2449}.Debug|x86.ActiveCfg = Debug|Any CPU
		{CEB96980-305B-4863-8D8E-27623EFC2449}.Release|Any CPU.ActiveCfg = Release|Any CPU
		{CEB96980-305B-4863-8D8E-27623EFC2449}.Release|Any CPU.Build.0 = Release|Any CPU
		{CEB96980-305B-4863-8D8E-27623EFC2449}.Release|ARM.ActiveCfg = Release|Any CPU
		{CEB96980-305B-4863-8D8E-27623EFC2449}.Release|x64.ActiveCfg = Release|Any CPU
		{CEB96980-305B-4863-8D8E-27623EFC2449}.Release|x86.ActiveCfg = Release|Any CPU
		{7C063ABD-5807-4076-99AF-F7167AFDA82E}.Debug|Any CPU.ActiveCfg = Debug|Any CPU
		{7C063ABD-5807-4076-99AF-F7167AFDA82E}.Debug|Any CPU.Build.0 = Debug|Any CPU
		{7C063ABD-5807-4076-99AF-F7167AFDA82E}.Debug|ARM.ActiveCfg = Debug|Any CPU
		{7C063ABD-5807-4076-99AF-F7167AFDA82E}.Debug|x64.ActiveCfg = Debug|Any CPU
		{7C063ABD-5807-4076-99AF-F7167AFDA82E}.Debug|x86.ActiveCfg = Debug|Any CPU
		{7C063ABD-5807-4076-99AF-F7167AFDA82E}.Release|Any CPU.ActiveCfg = Release|Any CPU
		{7C063ABD-5807-4076-99AF-F7167AFDA82E}.Release|Any CPU.Build.0 = Release|Any CPU
		{7C063ABD-5807-4076-99AF-F7167AFDA82E}.Release|ARM.ActiveCfg = Release|Any CPU
		{7C063ABD-5807-4076-99AF-F7167AFDA82E}.Release|x64.ActiveCfg = Release|Any CPU
		{7C063ABD-5807-4076-99AF-F7167AFDA82E}.Release|x86.ActiveCfg = Release|Any CPU
	EndGlobalSection
	GlobalSection(SolutionProperties) = preSolution
		HideSolutionNode = FALSE
	EndGlobalSection
	GlobalSection(ExtensibilityGlobals) = postSolution
		VisualSVNWorkingCopyRoot = .
	EndGlobalSection
EndGlobal
