
Microsoft Visual Studio Solution File, Format Version 12.00
# Visual Studio 2013
VisualStudioVersion = 12.0.30723.0
MinimumVisualStudioVersion = 10.0.40219.1
Project("{2150E333-8FDC-42A3-9474-1A3956D46DE8}") = "UnitTests", "UnitTests", "{0F1AB980-5354-49C4-8BFB-5E01F5FAFC63}"
EndProject
Project("{FAE04EC0-301F-11D3-BF4B-00C04F79EFBC}") = "Lex.Db.Net45", "Lex.Db\Lex.Db.Net45.csproj", "{CF7AB17A-E786-418B-A86C-E9A1A6C9D801}"
EndProject
Project("{2150E333-8FDC-42A3-9474-1A3956D46DE8}") = "Platforms", "Platforms", "{B6C1BC4C-4067-426D-90D3-E7ECBA58C49B}"
EndProject
Project("{2150E333-8FDC-42A3-9474-1A3956D46DE8}") = "Samples", "Samples", "{2C624999-E7E3-4807-AE8E-0A02969B60B1}"
EndProject
Project("{FAE04EC0-301F-11D3-BF4B-00C04F79EFBC}") = "Lex.Db.Sample1", "Samples\Lex.Db.Sample1\Lex.Db.Sample1.csproj", "{EE971F17-D28F-4366-BC28-EE0EF05DD2E8}"
EndProject
Project("{FAE04EC0-301F-11D3-BF4B-00C04F79EFBC}") = "Lex.Db.Net4", "Lex.Db\Lex.Db.Net4.csproj", "{5FA54DB2-1721-409D-A715-03D3C7548784}"
EndProject
Project("{FAE04EC0-301F-11D3-BF4B-00C04F79EFBC}") = "Lex.Db.SL5", "Lex.Db\Lex.Db.SL5.csproj", "{224DA947-A3CA-4130-A542-EFE791ACFB6D}"
EndProject
Project("{FAE04EC0-301F-11D3-BF4B-00C04F79EFBC}") = "Lex.Db.WinPhone8", "Lex.Db\Lex.Db.WinPhone8.csproj", "{181F8EF6-C978-4E6F-8506-E09F49AEF483}"
EndProject
Project("{FAE04EC0-301F-11D3-BF4B-00C04F79EFBC}") = "Lex.Db.Tests.Net4", "Lex.Db.Tests\Net4\Lex.Db.Tests.Net4.csproj", "{4F487386-BE8A-4121-A545-5EFBB99ADFC6}"
EndProject
Project("{FAE04EC0-301F-11D3-BF4B-00C04F79EFBC}") = "Lex.Db.Tests.Net45", "Lex.Db.Tests\Net45\Lex.Db.Tests.Net45.csproj", "{F4D8D456-3947-4607-8EC0-4A77CC13BEF3}"
EndProject
Project("{FAE04EC0-301F-11D3-BF4B-00C04F79EFBC}") = "Lex.Db.Tests.SL5", "Lex.Db.Tests\SL5\Lex.Db.Tests.SL5.csproj", "{F92C10D3-FE1D-4B1A-9965-0DD5D13410F5}"
EndProject
Project("{FAE04EC0-301F-11D3-BF4B-00C04F79EFBC}") = "Lex.Db.WinPhone81", "Lex.Db\Lex.Db.WinPhone81.csproj", "{185ECF82-7CB8-42E0-BB49-9D56F4294CB5}"
EndProject
Project("{FAE04EC0-301F-11D3-BF4B-00C04F79EFBC}") = "Lex.Db.WinRT", "Lex.Db\Lex.Db.WinRT.csproj", "{80499B59-69BE-45CC-8BD4-4AF8DBF7776C}"
EndProject
Project("{FAE04EC0-301F-11D3-BF4B-00C04F79EFBC}") = "Lex.Db.WinRT81", "Lex.Db\Lex.Db.WinRT81.csproj", "{7C063ABD-5807-4076-99AF-F7167AFDA82E}"
EndProject
Project("{FAE04EC0-301F-11D3-BF4B-00C04F79EFBC}") = "Lex.Db.WinPhoneRT81", "Lex.Db\Lex.Db.WinPhoneRT81.csproj", "{1E566521-B6E7-4330-8341-095F4352C373}"
EndProject
Project("{FAE04EC0-301F-11D3-BF4B-00C04F79EFBC}") = "Lex.Db.Tests.WinRT81", "Lex.Db.Tests\WinRT81\Lex.Db.Tests.WinRT81.csproj", "{BD42CB71-AE74-4C0D-85BF-EAA09112FE71}"
EndProject
Project("{FAE04EC0-301F-11D3-BF4B-00C04F79EFBC}") = "Lex.Db.Tests.WinRT", "Lex.Db.Tests\WinRT\Lex.Db.Tests.WinRT.csproj", "{855590F4-4C20-47C0-9F3B-53F618E4B3EF}"
EndProject
Project("{FAE04EC0-301F-11D3-BF4B-00C04F79EFBC}") = "Lex.Db.Tests.WinPhone8", "Lex.Db.Tests\WinPhone8\Lex.Db.Tests.WinPhone8.csproj", "{1C340EC2-A69E-42C6-B84F-E4F89B83621B}"
EndProject
Project("{FAE04EC0-301F-11D3-BF4B-00C04F79EFBC}") = "Lex.Db.Tests.WinPhone81", "Lex.Db.Tests\WinPhone81\Lex.Db.Tests.WinPhone81.csproj", "{BF0E77E0-7AB2-47C9-81EC-F334F7F14A64}"
EndProject
Project("{FAE04EC0-301F-11D3-BF4B-00C04F79EFBC}") = "Lex.Db.Tests.WinPhoneRT81", "Lex.Db.Tests\WinPhoneRT81\Lex.Db.Tests.WinPhoneRT81.csproj", "{2060DBBF-30D6-4EDB-A650-50E94CC6DCC4}"
EndProject
Project("{FAE04EC0-301F-11D3-BF4B-00C04F79EFBC}") = "Lex.Db.Portable", "Lex.Db\Lex.Db.Portable.csproj", "{F734D16C-A6E2-4748-9A21-EF774F788ECD}"
EndProject
Project("{FAE04EC0-301F-11D3-BF4B-00C04F79EFBC}") = "Lex.Db.iOS", "Lex.Db\Lex.Db.iOS.csproj", "{2F7560B6-7DF6-4E87-AA34-4B7F085DA7F0}"
EndProject
Project("{FAE04EC0-301F-11D3-BF4B-00C04F79EFBC}") = "Lex.Db.Tests.iOS", "Lex.Db.Tests\iOS\Lex.Db.Tests.iOS.csproj", "{F4D8D456-1234-4607-8EC0-4A77CC13BEF3}"
EndProject
Global
	GlobalSection(SolutionConfigurationPlatforms) = preSolution
		Debug|Any CPU = Debug|Any CPU
		Release|Any CPU = Release|Any CPU
	EndGlobalSection
	GlobalSection(ProjectConfigurationPlatforms) = postSolution
		{CF7AB17A-E786-418B-A86C-E9A1A6C9D801}.Debug|Any CPU.ActiveCfg = Debug|Any CPU
		{CF7AB17A-E786-418B-A86C-E9A1A6C9D801}.Debug|Any CPU.Build.0 = Debug|Any CPU
		{CF7AB17A-E786-418B-A86C-E9A1A6C9D801}.Release|Any CPU.ActiveCfg = Release|Any CPU
		{CF7AB17A-E786-418B-A86C-E9A1A6C9D801}.Release|Any CPU.Build.0 = Release|Any CPU
		{EE971F17-D28F-4366-BC28-EE0EF05DD2E8}.Debug|Any CPU.ActiveCfg = Debug|Any CPU
		{EE971F17-D28F-4366-BC28-EE0EF05DD2E8}.Debug|Any CPU.Build.0 = Debug|Any CPU
		{EE971F17-D28F-4366-BC28-EE0EF05DD2E8}.Release|Any CPU.ActiveCfg = Release|Any CPU
		{EE971F17-D28F-4366-BC28-EE0EF05DD2E8}.Release|Any CPU.Build.0 = Release|Any CPU
		{5FA54DB2-1721-409D-A715-03D3C7548784}.Debug|Any CPU.ActiveCfg = Debug|Any CPU
		{5FA54DB2-1721-409D-A715-03D3C7548784}.Debug|Any CPU.Build.0 = Debug|Any CPU
		{5FA54DB2-1721-409D-A715-03D3C7548784}.Release|Any CPU.ActiveCfg = Release|Any CPU
		{5FA54DB2-1721-409D-A715-03D3C7548784}.Release|Any CPU.Build.0 = Release|Any CPU
		{224DA947-A3CA-4130-A542-EFE791ACFB6D}.Debug|Any CPU.ActiveCfg = Debug|Any CPU
		{224DA947-A3CA-4130-A542-EFE791ACFB6D}.Debug|Any CPU.Build.0 = Debug|Any CPU
		{224DA947-A3CA-4130-A542-EFE791ACFB6D}.Release|Any CPU.ActiveCfg = Release|Any CPU
		{224DA947-A3CA-4130-A542-EFE791ACFB6D}.Release|Any CPU.Build.0 = Release|Any CPU
		{181F8EF6-C978-4E6F-8506-E09F49AEF483}.Debug|Any CPU.ActiveCfg = Debug|Any CPU
		{181F8EF6-C978-4E6F-8506-E09F49AEF483}.Debug|Any CPU.Build.0 = Debug|Any CPU
		{181F8EF6-C978-4E6F-8506-E09F49AEF483}.Release|Any CPU.ActiveCfg = Release|Any CPU
		{181F8EF6-C978-4E6F-8506-E09F49AEF483}.Release|Any CPU.Build.0 = Release|Any CPU
		{4F487386-BE8A-4121-A545-5EFBB99ADFC6}.Debug|Any CPU.ActiveCfg = Debug|Any CPU
		{4F487386-BE8A-4121-A545-5EFBB99ADFC6}.Debug|Any CPU.Build.0 = Debug|Any CPU
		{4F487386-BE8A-4121-A545-5EFBB99ADFC6}.Release|Any CPU.ActiveCfg = Release|Any CPU
		{4F487386-BE8A-4121-A545-5EFBB99ADFC6}.Release|Any CPU.Build.0 = Release|Any CPU
		{F4D8D456-3947-4607-8EC0-4A77CC13BEF3}.Debug|Any CPU.ActiveCfg = Debug|Any CPU
		{F4D8D456-3947-4607-8EC0-4A77CC13BEF3}.Debug|Any CPU.Build.0 = Debug|Any CPU
		{F4D8D456-3947-4607-8EC0-4A77CC13BEF3}.Release|Any CPU.ActiveCfg = Release|Any CPU
		{F4D8D456-3947-4607-8EC0-4A77CC13BEF3}.Release|Any CPU.Build.0 = Release|Any CPU
		{F92C10D3-FE1D-4B1A-9965-0DD5D13410F5}.Debug|Any CPU.ActiveCfg = Debug|Any CPU
		{F92C10D3-FE1D-4B1A-9965-0DD5D13410F5}.Debug|Any CPU.Build.0 = Debug|Any CPU
		{F92C10D3-FE1D-4B1A-9965-0DD5D13410F5}.Release|Any CPU.ActiveCfg = Release|Any CPU
		{F92C10D3-FE1D-4B1A-9965-0DD5D13410F5}.Release|Any CPU.Build.0 = Release|Any CPU
		{185ECF82-7CB8-42E0-BB49-9D56F4294CB5}.Debug|Any CPU.ActiveCfg = Debug|Any CPU
		{185ECF82-7CB8-42E0-BB49-9D56F4294CB5}.Debug|Any CPU.Build.0 = Debug|Any CPU
		{185ECF82-7CB8-42E0-BB49-9D56F4294CB5}.Release|Any CPU.ActiveCfg = Release|Any CPU
		{185ECF82-7CB8-42E0-BB49-9D56F4294CB5}.Release|Any CPU.Build.0 = Release|Any CPU
		{80499B59-69BE-45CC-8BD4-4AF8DBF7776C}.Debug|Any CPU.ActiveCfg = Debug|Any CPU
		{80499B59-69BE-45CC-8BD4-4AF8DBF7776C}.Debug|Any CPU.Build.0 = Debug|Any CPU
		{80499B59-69BE-45CC-8BD4-4AF8DBF7776C}.Release|Any CPU.ActiveCfg = Release|Any CPU
		{80499B59-69BE-45CC-8BD4-4AF8DBF7776C}.Release|Any CPU.Build.0 = Release|Any CPU
		{7C063ABD-5807-4076-99AF-F7167AFDA82E}.Debug|Any CPU.ActiveCfg = Debug|Any CPU
		{7C063ABD-5807-4076-99AF-F7167AFDA82E}.Debug|Any CPU.Build.0 = Debug|Any CPU
		{7C063ABD-5807-4076-99AF-F7167AFDA82E}.Release|Any CPU.ActiveCfg = Release|Any CPU
		{7C063ABD-5807-4076-99AF-F7167AFDA82E}.Release|Any CPU.Build.0 = Release|Any CPU
		{1E566521-B6E7-4330-8341-095F4352C373}.Debug|Any CPU.ActiveCfg = Debug|Any CPU
		{1E566521-B6E7-4330-8341-095F4352C373}.Debug|Any CPU.Build.0 = Debug|Any CPU
		{1E566521-B6E7-4330-8341-095F4352C373}.Release|Any CPU.ActiveCfg = Release|Any CPU
		{1E566521-B6E7-4330-8341-095F4352C373}.Release|Any CPU.Build.0 = Release|Any CPU
		{BD42CB71-AE74-4C0D-85BF-EAA09112FE71}.Debug|Any CPU.ActiveCfg = Debug|Any CPU
		{BD42CB71-AE74-4C0D-85BF-EAA09112FE71}.Debug|Any CPU.Build.0 = Debug|Any CPU
		{BD42CB71-AE74-4C0D-85BF-EAA09112FE71}.Debug|Any CPU.Deploy.0 = Debug|Any CPU
		{BD42CB71-AE74-4C0D-85BF-EAA09112FE71}.Release|Any CPU.ActiveCfg = Release|Any CPU
		{BD42CB71-AE74-4C0D-85BF-EAA09112FE71}.Release|Any CPU.Build.0 = Release|Any CPU
		{BD42CB71-AE74-4C0D-85BF-EAA09112FE71}.Release|Any CPU.Deploy.0 = Release|Any CPU
		{855590F4-4C20-47C0-9F3B-53F618E4B3EF}.Debug|Any CPU.ActiveCfg = Debug|Any CPU
		{855590F4-4C20-47C0-9F3B-53F618E4B3EF}.Debug|Any CPU.Build.0 = Debug|Any CPU
		{855590F4-4C20-47C0-9F3B-53F618E4B3EF}.Debug|Any CPU.Deploy.0 = Debug|Any CPU
		{855590F4-4C20-47C0-9F3B-53F618E4B3EF}.Release|Any CPU.ActiveCfg = Release|Any CPU
		{855590F4-4C20-47C0-9F3B-53F618E4B3EF}.Release|Any CPU.Build.0 = Release|Any CPU
		{855590F4-4C20-47C0-9F3B-53F618E4B3EF}.Release|Any CPU.Deploy.0 = Release|Any CPU
		{1C340EC2-A69E-42C6-B84F-E4F89B83621B}.Debug|Any CPU.ActiveCfg = Debug|x86
		{1C340EC2-A69E-42C6-B84F-E4F89B83621B}.Debug|Any CPU.Build.0 = Debug|x86
		{1C340EC2-A69E-42C6-B84F-E4F89B83621B}.Debug|Any CPU.Deploy.0 = Debug|x86
		{1C340EC2-A69E-42C6-B84F-E4F89B83621B}.Release|Any CPU.ActiveCfg = Release|x86
		{1C340EC2-A69E-42C6-B84F-E4F89B83621B}.Release|Any CPU.Build.0 = Release|x86
		{1C340EC2-A69E-42C6-B84F-E4F89B83621B}.Release|Any CPU.Deploy.0 = Release|x86
		{BF0E77E0-7AB2-47C9-81EC-F334F7F14A64}.Debug|Any CPU.ActiveCfg = Debug|x86
		{BF0E77E0-7AB2-47C9-81EC-F334F7F14A64}.Debug|Any CPU.Build.0 = Debug|x86
		{BF0E77E0-7AB2-47C9-81EC-F334F7F14A64}.Debug|Any CPU.Deploy.0 = Debug|x86
		{BF0E77E0-7AB2-47C9-81EC-F334F7F14A64}.Release|Any CPU.ActiveCfg = Release|x86
		{BF0E77E0-7AB2-47C9-81EC-F334F7F14A64}.Release|Any CPU.Build.0 = Release|x86
		{BF0E77E0-7AB2-47C9-81EC-F334F7F14A64}.Release|Any CPU.Deploy.0 = Release|x86
		{2060DBBF-30D6-4EDB-A650-50E94CC6DCC4}.Debug|Any CPU.ActiveCfg = Debug|x86
		{2060DBBF-30D6-4EDB-A650-50E94CC6DCC4}.Debug|Any CPU.Build.0 = Debug|x86
		{2060DBBF-30D6-4EDB-A650-50E94CC6DCC4}.Debug|Any CPU.Deploy.0 = Debug|x86
		{2060DBBF-30D6-4EDB-A650-50E94CC6DCC4}.Release|Any CPU.ActiveCfg = Release|x86
		{2060DBBF-30D6-4EDB-A650-50E94CC6DCC4}.Release|Any CPU.Build.0 = Release|x86
		{2060DBBF-30D6-4EDB-A650-50E94CC6DCC4}.Release|Any CPU.Deploy.0 = Release|x86
		{F734D16C-A6E2-4748-9A21-EF774F788ECD}.Debug|Any CPU.ActiveCfg = Debug|Any CPU
		{F734D16C-A6E2-4748-9A21-EF774F788ECD}.Debug|Any CPU.Build.0 = Debug|Any CPU
		{F734D16C-A6E2-4748-9A21-EF774F788ECD}.Release|Any CPU.ActiveCfg = Release|Any CPU
		{F734D16C-A6E2-4748-9A21-EF774F788ECD}.Release|Any CPU.Build.0 = Release|Any CPU
		{2F7560B6-7DF6-4E87-AA34-4B7F085DA7F0}.Debug|Any CPU.ActiveCfg = Debug|Any CPU
		{2F7560B6-7DF6-4E87-AA34-4B7F085DA7F0}.Debug|Any CPU.Build.0 = Debug|Any CPU
		{2F7560B6-7DF6-4E87-AA34-4B7F085DA7F0}.Release|Any CPU.ActiveCfg = Release|Any CPU
		{2F7560B6-7DF6-4E87-AA34-4B7F085DA7F0}.Release|Any CPU.Build.0 = Release|Any CPU
		{F4D8D456-1234-4607-8EC0-4A77CC13BEF3}.Debug|Any CPU.ActiveCfg = Debug|Any CPU
		{F4D8D456-1234-4607-8EC0-4A77CC13BEF3}.Debug|Any CPU.Build.0 = Debug|Any CPU
		{F4D8D456-1234-4607-8EC0-4A77CC13BEF3}.Release|Any CPU.ActiveCfg = Release|Any CPU
		{F4D8D456-1234-4607-8EC0-4A77CC13BEF3}.Release|Any CPU.Build.0 = Release|Any CPU
	EndGlobalSection
	GlobalSection(SolutionProperties) = preSolution
		HideSolutionNode = FALSE
	EndGlobalSection
	GlobalSection(NestedProjects) = preSolution
		{CF7AB17A-E786-418B-A86C-E9A1A6C9D801} = {B6C1BC4C-4067-426D-90D3-E7ECBA58C49B}
		{EE971F17-D28F-4366-BC28-EE0EF05DD2E8} = {2C624999-E7E3-4807-AE8E-0A02969B60B1}
		{5FA54DB2-1721-409D-A715-03D3C7548784} = {B6C1BC4C-4067-426D-90D3-E7ECBA58C49B}
		{224DA947-A3CA-4130-A542-EFE791ACFB6D} = {B6C1BC4C-4067-426D-90D3-E7ECBA58C49B}
		{181F8EF6-C978-4E6F-8506-E09F49AEF483} = {B6C1BC4C-4067-426D-90D3-E7ECBA58C49B}
		{4F487386-BE8A-4121-A545-5EFBB99ADFC6} = {0F1AB980-5354-49C4-8BFB-5E01F5FAFC63}
		{F4D8D456-3947-4607-8EC0-4A77CC13BEF3} = {0F1AB980-5354-49C4-8BFB-5E01F5FAFC63}
		{F92C10D3-FE1D-4B1A-9965-0DD5D13410F5} = {0F1AB980-5354-49C4-8BFB-5E01F5FAFC63}
		{185ECF82-7CB8-42E0-BB49-9D56F4294CB5} = {B6C1BC4C-4067-426D-90D3-E7ECBA58C49B}
		{80499B59-69BE-45CC-8BD4-4AF8DBF7776C} = {B6C1BC4C-4067-426D-90D3-E7ECBA58C49B}
		{7C063ABD-5807-4076-99AF-F7167AFDA82E} = {B6C1BC4C-4067-426D-90D3-E7ECBA58C49B}
		{1E566521-B6E7-4330-8341-095F4352C373} = {B6C1BC4C-4067-426D-90D3-E7ECBA58C49B}
		{BD42CB71-AE74-4C0D-85BF-EAA09112FE71} = {0F1AB980-5354-49C4-8BFB-5E01F5FAFC63}
		{855590F4-4C20-47C0-9F3B-53F618E4B3EF} = {0F1AB980-5354-49C4-8BFB-5E01F5FAFC63}
		{1C340EC2-A69E-42C6-B84F-E4F89B83621B} = {0F1AB980-5354-49C4-8BFB-5E01F5FAFC63}
		{BF0E77E0-7AB2-47C9-81EC-F334F7F14A64} = {0F1AB980-5354-49C4-8BFB-5E01F5FAFC63}
		{2060DBBF-30D6-4EDB-A650-50E94CC6DCC4} = {0F1AB980-5354-49C4-8BFB-5E01F5FAFC63}
		{F734D16C-A6E2-4748-9A21-EF774F788ECD} = {B6C1BC4C-4067-426D-90D3-E7ECBA58C49B}
		{2F7560B6-7DF6-4E87-AA34-4B7F085DA7F0} = {B6C1BC4C-4067-426D-90D3-E7ECBA58C49B}
		{F4D8D456-1234-4607-8EC0-4A77CC13BEF3} = {0F1AB980-5354-49C4-8BFB-5E01F5FAFC63}
	EndGlobalSection
	GlobalSection(ExtensibilityGlobals) = postSolution
		VisualSVNWorkingCopyRoot = .
	EndGlobalSection
EndGlobal
