
Microsoft Visual Studio Solution File, Format Version 12.00
# Visual Studio 14
VisualStudioVersion = 14.0.23107.0
MinimumVisualStudioVersion = 10.0.40219.1
Project("{D954291E-2A0B-460D-934E-DC6B0785DB48}") = "Lex.Db.Shared", "lib\Lex.Db.Shared\Lex.Db.Shared.shproj", "{DAA436C4-AF4D-44A2-A387-2A80E56C7DA8}"
EndProject
Project("{FAE04EC0-301F-11D3-BF4B-00C04F79EFBC}") = "Lex.Db.Win10", "lib\Lex.Db.Win10\Lex.Db.Win10.csproj", "{CBB8CBBA-B785-4EF6-9021-48CED15006CB}"
EndProject
Project("{FAE04EC0-301F-11D3-BF4B-00C04F79EFBC}") = "Lex.Db.Win81", "lib\Lex.Db.Win81\Lex.Db.Win81.csproj", "{A18B7C13-C346-4F1E-AAD0-90ACD85CEA8A}"
EndProject
Project("{FAE04EC0-301F-11D3-BF4B-00C04F79EFBC}") = "Lex.Db.Net4", "lib\Lex.Db.Net4\Lex.Db.Net4.csproj", "{127859D4-7AD4-4D34-83BD-B24F8709B54F}"
EndProject
Project("{FAE04EC0-301F-11D3-BF4B-00C04F79EFBC}") = "Lex.Db.Net45", "lib\Lex.Db.Net45\Lex.Db.Net45.csproj", "{04608184-27B9-42A2-9E5E-69A6CB21ECFE}"
EndProject
Project("{FAE04EC0-301F-11D3-BF4B-00C04F79EFBC}") = "Lex.Db.Net46", "lib\Lex.Db.Net46\Lex.Db.Net46.csproj", "{6D5EF575-F212-4750-AF0C-8088C866ADFC}"
EndProject
Project("{FAE04EC0-301F-11D3-BF4B-00C04F79EFBC}") = "Lex.Db.SL5", "lib\Lex.Db.SL5\Lex.Db.SL5.csproj", "{1DB62BEF-1D62-49A3-923E-69E5091808DC}"
EndProject
Project("{FAE04EC0-301F-11D3-BF4B-00C04F79EFBC}") = "Lex.Db.WP8", "lib\Lex.Db.WP8\Lex.Db.WP8.csproj", "{360E79EA-6118-47A6-9F00-FA8ECFCA3338}"
EndProject
Project("{FAE04EC0-301F-11D3-BF4B-00C04F79EFBC}") = "Lex.Db.WP81", "lib\Lex.Db.WP81\Lex.Db.WP81.csproj", "{5BBC2755-3C7F-4847-BFBF-6B415CC4BDDA}"
EndProject
Project("{2150E333-8FDC-42A3-9474-1A3956D46DE8}") = "lib", "lib", "{F3C297C0-4BA8-4CAE-AD27-2A6DFABF37F0}"
EndProject
Project("{FAE04EC0-301F-11D3-BF4B-00C04F79EFBC}") = "Lex.Db.Portable", "lib\Lex.Db.Portable\Lex.Db.Portable.csproj", "{F362F6B0-90B4-449B-96F8-8C5D7E950C2C}"
EndProject
Project("{FAE04EC0-301F-11D3-BF4B-00C04F79EFBC}") = "Lex.Db.iOS", "lib\Lex.Db.iOS\Lex.Db.iOS.csproj", "{64F35568-C748-4EE2-BE6A-B8190F593857}"
EndProject
Project("{FAE04EC0-301F-11D3-BF4B-00C04F79EFBC}") = "Lex.Db.Android", "lib\Lex.Db.Android\Lex.Db.Android.csproj", "{D6DD941D-5C15-4CE5-9BF3-69875F138420}"
EndProject
Global
	GlobalSection(SharedMSBuildProjectFiles) = preSolution
		lib\Lex.Db.Shared\Lex.Db.Shared.projitems*{360e79ea-6118-47a6-9f00-fa8ecfca3338}*SharedItemsImports = 4
		lib\Lex.Db.Shared\Lex.Db.Shared.projitems*{127859d4-7ad4-4d34-83bd-b24f8709b54f}*SharedItemsImports = 4
		lib\Lex.Db.Shared\Lex.Db.Shared.projitems*{d6dd941d-5c15-4ce5-9bf3-69875f138420}*SharedItemsImports = 4
		lib\Lex.Db.Shared\Lex.Db.Shared.projitems*{f362f6b0-90b4-449b-96f8-8c5d7e950c2c}*SharedItemsImports = 4
		lib\Lex.Db.Shared\Lex.Db.Shared.projitems*{a18b7c13-c346-4f1e-aad0-90acd85cea8a}*SharedItemsImports = 4
		lib\Lex.Db.Shared\Lex.Db.Shared.projitems*{5bbc2755-3c7f-4847-bfbf-6b415cc4bdda}*SharedItemsImports = 4
		lib\Lex.Db.Shared\Lex.Db.Shared.projitems*{64f35568-c748-4ee2-be6a-b8190f593857}*SharedItemsImports = 4
		lib\Lex.Db.Shared\Lex.Db.Shared.projitems*{6d5ef575-f212-4750-af0c-8088c866adfc}*SharedItemsImports = 4
		lib\Lex.Db.Shared\Lex.Db.Shared.projitems*{cbb8cbba-b785-4ef6-9021-48ced15006cb}*SharedItemsImports = 4
		lib\Lex.Db.Shared\Lex.Db.Shared.projitems*{04608184-27b9-42a2-9e5e-69a6cb21ecfe}*SharedItemsImports = 4
		lib\Lex.Db.Shared\Lex.Db.Shared.projitems*{daa436c4-af4d-44a2-a387-2a80e56c7da8}*SharedItemsImports = 13
	EndGlobalSection
	GlobalSection(SolutionConfigurationPlatforms) = preSolution
		Debug|Any CPU = Debug|Any CPU
		Debug|ARM = Debug|ARM
		Debug|x64 = Debug|x64
		Debug|x86 = Debug|x86
		Release|Any CPU = Release|Any CPU
		Release|ARM = Release|ARM
		Release|x64 = Release|x64
		Release|x86 = Release|x86
	EndGlobalSection
	GlobalSection(ProjectConfigurationPlatforms) = postSolution
		{CBB8CBBA-B785-4EF6-9021-48CED15006CB}.Debug|Any CPU.ActiveCfg = Debug|Any CPU
		{CBB8CBBA-B785-4EF6-9021-48CED15006CB}.Debug|Any CPU.Build.0 = Debug|Any CPU
		{CBB8CBBA-B785-4EF6-9021-48CED15006CB}.Debug|ARM.ActiveCfg = Debug|Any CPU
		{CBB8CBBA-B785-4EF6-9021-48CED15006CB}.Debug|ARM.Build.0 = Debug|Any CPU
		{CBB8CBBA-B785-4EF6-9021-48CED15006CB}.Debug|x64.ActiveCfg = Debug|Any CPU
		{CBB8CBBA-B785-4EF6-9021-48CED15006CB}.Debug|x64.Build.0 = Debug|Any CPU
		{CBB8CBBA-B785-4EF6-9021-48CED15006CB}.Debug|x86.ActiveCfg = Debug|Any CPU
		{CBB8CBBA-B785-4EF6-9021-48CED15006CB}.Debug|x86.Build.0 = Debug|Any CPU
		{CBB8CBBA-B785-4EF6-9021-48CED15006CB}.Release|Any CPU.ActiveCfg = Release|Any CPU
		{CBB8CBBA-B785-4EF6-9021-48CED15006CB}.Release|Any CPU.Build.0 = Release|Any CPU
		{CBB8CBBA-B785-4EF6-9021-48CED15006CB}.Release|ARM.ActiveCfg = Release|Any CPU
		{CBB8CBBA-B785-4EF6-9021-48CED15006CB}.Release|ARM.Build.0 = Release|Any CPU
		{CBB8CBBA-B785-4EF6-9021-48CED15006CB}.Release|x64.ActiveCfg = Release|Any CPU
		{CBB8CBBA-B785-4EF6-9021-48CED15006CB}.Release|x64.Build.0 = Release|Any CPU
		{CBB8CBBA-B785-4EF6-9021-48CED15006CB}.Release|x86.ActiveCfg = Release|Any CPU
		{CBB8CBBA-B785-4EF6-9021-48CED15006CB}.Release|x86.Build.0 = Release|Any CPU
		{A18B7C13-C346-4F1E-AAD0-90ACD85CEA8A}.Debug|Any CPU.ActiveCfg = Debug|Any CPU
		{A18B7C13-C346-4F1E-AAD0-90ACD85CEA8A}.Debug|Any CPU.Build.0 = Debug|Any CPU
		{A18B7C13-C346-4F1E-AAD0-90ACD85CEA8A}.Debug|ARM.ActiveCfg = Debug|Any CPU
		{A18B7C13-C346-4F1E-AAD0-90ACD85CEA8A}.Debug|ARM.Build.0 = Debug|Any CPU
		{A18B7C13-C346-4F1E-AAD0-90ACD85CEA8A}.Debug|x64.ActiveCfg = Debug|Any CPU
		{A18B7C13-C346-4F1E-AAD0-90ACD85CEA8A}.Debug|x64.Build.0 = Debug|Any CPU
		{A18B7C13-C346-4F1E-AAD0-90ACD85CEA8A}.Debug|x86.ActiveCfg = Debug|Any CPU
		{A18B7C13-C346-4F1E-AAD0-90ACD85CEA8A}.Debug|x86.Build.0 = Debug|Any CPU
		{A18B7C13-C346-4F1E-AAD0-90ACD85CEA8A}.Release|Any CPU.ActiveCfg = Release|Any CPU
		{A18B7C13-C346-4F1E-AAD0-90ACD85CEA8A}.Release|Any CPU.Build.0 = Release|Any CPU
		{A18B7C13-C346-4F1E-AAD0-90ACD85CEA8A}.Release|ARM.ActiveCfg = Release|Any CPU
		{A18B7C13-C346-4F1E-AAD0-90ACD85CEA8A}.Release|ARM.Build.0 = Release|Any CPU
		{A18B7C13-C346-4F1E-AAD0-90ACD85CEA8A}.Release|x64.ActiveCfg = Release|Any CPU
		{A18B7C13-C346-4F1E-AAD0-90ACD85CEA8A}.Release|x64.Build.0 = Release|Any CPU
		{A18B7C13-C346-4F1E-AAD0-90ACD85CEA8A}.Release|x86.ActiveCfg = Release|Any CPU
		{A18B7C13-C346-4F1E-AAD0-90ACD85CEA8A}.Release|x86.Build.0 = Release|Any CPU
		{127859D4-7AD4-4D34-83BD-B24F8709B54F}.Debug|Any CPU.ActiveCfg = Debug|Any CPU
		{127859D4-7AD4-4D34-83BD-B24F8709B54F}.Debug|Any CPU.Build.0 = Debug|Any CPU
		{127859D4-7AD4-4D34-83BD-B24F8709B54F}.Debug|ARM.ActiveCfg = Debug|Any CPU
		{127859D4-7AD4-4D34-83BD-B24F8709B54F}.Debug|ARM.Build.0 = Debug|Any CPU
		{127859D4-7AD4-4D34-83BD-B24F8709B54F}.Debug|x64.ActiveCfg = Debug|Any CPU
		{127859D4-7AD4-4D34-83BD-B24F8709B54F}.Debug|x64.Build.0 = Debug|Any CPU
		{127859D4-7AD4-4D34-83BD-B24F8709B54F}.Debug|x86.ActiveCfg = Debug|Any CPU
		{127859D4-7AD4-4D34-83BD-B24F8709B54F}.Debug|x86.Build.0 = Debug|Any CPU
		{127859D4-7AD4-4D34-83BD-B24F8709B54F}.Release|Any CPU.ActiveCfg = Release|Any CPU
		{127859D4-7AD4-4D34-83BD-B24F8709B54F}.Release|Any CPU.Build.0 = Release|Any CPU
		{127859D4-7AD4-4D34-83BD-B24F8709B54F}.Release|ARM.ActiveCfg = Release|Any CPU
		{127859D4-7AD4-4D34-83BD-B24F8709B54F}.Release|ARM.Build.0 = Release|Any CPU
		{127859D4-7AD4-4D34-83BD-B24F8709B54F}.Release|x64.ActiveCfg = Release|Any CPU
		{127859D4-7AD4-4D34-83BD-B24F8709B54F}.Release|x64.Build.0 = Release|Any CPU
		{127859D4-7AD4-4D34-83BD-B24F8709B54F}.Release|x86.ActiveCfg = Release|Any CPU
		{127859D4-7AD4-4D34-83BD-B24F8709B54F}.Release|x86.Build.0 = Release|Any CPU
		{04608184-27B9-42A2-9E5E-69A6CB21ECFE}.Debug|Any CPU.ActiveCfg = Debug|Any CPU
		{04608184-27B9-42A2-9E5E-69A6CB21ECFE}.Debug|Any CPU.Build.0 = Debug|Any CPU
		{04608184-27B9-42A2-9E5E-69A6CB21ECFE}.Debug|ARM.ActiveCfg = Debug|Any CPU
		{04608184-27B9-42A2-9E5E-69A6CB21ECFE}.Debug|ARM.Build.0 = Debug|Any CPU
		{04608184-27B9-42A2-9E5E-69A6CB21ECFE}.Debug|x64.ActiveCfg = Debug|Any CPU
		{04608184-27B9-42A2-9E5E-69A6CB21ECFE}.Debug|x64.Build.0 = Debug|Any CPU
		{04608184-27B9-42A2-9E5E-69A6CB21ECFE}.Debug|x86.ActiveCfg = Debug|Any CPU
		{04608184-27B9-42A2-9E5E-69A6CB21ECFE}.Debug|x86.Build.0 = Debug|Any CPU
		{04608184-27B9-42A2-9E5E-69A6CB21ECFE}.Release|Any CPU.ActiveCfg = Release|Any CPU
		{04608184-27B9-42A2-9E5E-69A6CB21ECFE}.Release|Any CPU.Build.0 = Release|Any CPU
		{04608184-27B9-42A2-9E5E-69A6CB21ECFE}.Release|ARM.ActiveCfg = Release|Any CPU
		{04608184-27B9-42A2-9E5E-69A6CB21ECFE}.Release|ARM.Build.0 = Release|Any CPU
		{04608184-27B9-42A2-9E5E-69A6CB21ECFE}.Release|x64.ActiveCfg = Release|Any CPU
		{04608184-27B9-42A2-9E5E-69A6CB21ECFE}.Release|x64.Build.0 = Release|Any CPU
		{04608184-27B9-42A2-9E5E-69A6CB21ECFE}.Release|x86.ActiveCfg = Release|Any CPU
		{04608184-27B9-42A2-9E5E-69A6CB21ECFE}.Release|x86.Build.0 = Release|Any CPU
		{6D5EF575-F212-4750-AF0C-8088C866ADFC}.Debug|Any CPU.ActiveCfg = Debug|Any CPU
		{6D5EF575-F212-4750-AF0C-8088C866ADFC}.Debug|Any CPU.Build.0 = Debug|Any CPU
		{6D5EF575-F212-4750-AF0C-8088C866ADFC}.Debug|ARM.ActiveCfg = Debug|Any CPU
		{6D5EF575-F212-4750-AF0C-8088C866ADFC}.Debug|ARM.Build.0 = Debug|Any CPU
		{6D5EF575-F212-4750-AF0C-8088C866ADFC}.Debug|x64.ActiveCfg = Debug|Any CPU
		{6D5EF575-F212-4750-AF0C-8088C866ADFC}.Debug|x64.Build.0 = Debug|Any CPU
		{6D5EF575-F212-4750-AF0C-8088C866ADFC}.Debug|x86.ActiveCfg = Debug|Any CPU
		{6D5EF575-F212-4750-AF0C-8088C866ADFC}.Debug|x86.Build.0 = Debug|Any CPU
		{6D5EF575-F212-4750-AF0C-8088C866ADFC}.Release|Any CPU.ActiveCfg = Release|Any CPU
		{6D5EF575-F212-4750-AF0C-8088C866ADFC}.Release|Any CPU.Build.0 = Release|Any CPU
		{6D5EF575-F212-4750-AF0C-8088C866ADFC}.Release|ARM.ActiveCfg = Release|Any CPU
		{6D5EF575-F212-4750-AF0C-8088C866ADFC}.Release|ARM.Build.0 = Release|Any CPU
		{6D5EF575-F212-4750-AF0C-8088C866ADFC}.Release|x64.ActiveCfg = Release|Any CPU
		{6D5EF575-F212-4750-AF0C-8088C866ADFC}.Release|x64.Build.0 = Release|Any CPU
		{6D5EF575-F212-4750-AF0C-8088C866ADFC}.Release|x86.ActiveCfg = Release|Any CPU
		{6D5EF575-F212-4750-AF0C-8088C866ADFC}.Release|x86.Build.0 = Release|Any CPU
		{1DB62BEF-1D62-49A3-923E-69E5091808DC}.Debug|Any CPU.ActiveCfg = Debug|Any CPU
		{1DB62BEF-1D62-49A3-923E-69E5091808DC}.Debug|Any CPU.Build.0 = Debug|Any CPU
		{1DB62BEF-1D62-49A3-923E-69E5091808DC}.Debug|ARM.ActiveCfg = Debug|Any CPU
		{1DB62BEF-1D62-49A3-923E-69E5091808DC}.Debug|ARM.Build.0 = Debug|Any CPU
		{1DB62BEF-1D62-49A3-923E-69E5091808DC}.Debug|x64.ActiveCfg = Debug|Any CPU
		{1DB62BEF-1D62-49A3-923E-69E5091808DC}.Debug|x64.Build.0 = Debug|Any CPU
		{1DB62BEF-1D62-49A3-923E-69E5091808DC}.Debug|x86.ActiveCfg = Debug|Any CPU
		{1DB62BEF-1D62-49A3-923E-69E5091808DC}.Debug|x86.Build.0 = Debug|Any CPU
		{1DB62BEF-1D62-49A3-923E-69E5091808DC}.Release|Any CPU.ActiveCfg = Release|Any CPU
		{1DB62BEF-1D62-49A3-923E-69E5091808DC}.Release|Any CPU.Build.0 = Release|Any CPU
		{1DB62BEF-1D62-49A3-923E-69E5091808DC}.Release|ARM.ActiveCfg = Release|Any CPU
		{1DB62BEF-1D62-49A3-923E-69E5091808DC}.Release|ARM.Build.0 = Release|Any CPU
		{1DB62BEF-1D62-49A3-923E-69E5091808DC}.Release|x64.ActiveCfg = Release|Any CPU
		{1DB62BEF-1D62-49A3-923E-69E5091808DC}.Release|x64.Build.0 = Release|Any CPU
		{1DB62BEF-1D62-49A3-923E-69E5091808DC}.Release|x86.ActiveCfg = Release|Any CPU
		{1DB62BEF-1D62-49A3-923E-69E5091808DC}.Release|x86.Build.0 = Release|Any CPU
		{360E79EA-6118-47A6-9F00-FA8ECFCA3338}.Debug|Any CPU.ActiveCfg = Debug|Any CPU
		{360E79EA-6118-47A6-9F00-FA8ECFCA3338}.Debug|Any CPU.Build.0 = Debug|Any CPU
		{360E79EA-6118-47A6-9F00-FA8ECFCA3338}.Debug|ARM.ActiveCfg = Debug|Any CPU
		{360E79EA-6118-47A6-9F00-FA8ECFCA3338}.Debug|ARM.Build.0 = Debug|Any CPU
		{360E79EA-6118-47A6-9F00-FA8ECFCA3338}.Debug|x64.ActiveCfg = Debug|Any CPU
		{360E79EA-6118-47A6-9F00-FA8ECFCA3338}.Debug|x64.Build.0 = Debug|Any CPU
		{360E79EA-6118-47A6-9F00-FA8ECFCA3338}.Debug|x86.ActiveCfg = Debug|Any CPU
		{360E79EA-6118-47A6-9F00-FA8ECFCA3338}.Debug|x86.Build.0 = Debug|Any CPU
		{360E79EA-6118-47A6-9F00-FA8ECFCA3338}.Release|Any CPU.ActiveCfg = Release|Any CPU
		{360E79EA-6118-47A6-9F00-FA8ECFCA3338}.Release|Any CPU.Build.0 = Release|Any CPU
		{360E79EA-6118-47A6-9F00-FA8ECFCA3338}.Release|ARM.ActiveCfg = Release|Any CPU
		{360E79EA-6118-47A6-9F00-FA8ECFCA3338}.Release|ARM.Build.0 = Release|Any CPU
		{360E79EA-6118-47A6-9F00-FA8ECFCA3338}.Release|x64.ActiveCfg = Release|Any CPU
		{360E79EA-6118-47A6-9F00-FA8ECFCA3338}.Release|x64.Build.0 = Release|Any CPU
		{360E79EA-6118-47A6-9F00-FA8ECFCA3338}.Release|x86.ActiveCfg = Release|Any CPU
		{360E79EA-6118-47A6-9F00-FA8ECFCA3338}.Release|x86.Build.0 = Release|Any CPU
		{5BBC2755-3C7F-4847-BFBF-6B415CC4BDDA}.Debug|Any CPU.ActiveCfg = Debug|Any CPU
		{5BBC2755-3C7F-4847-BFBF-6B415CC4BDDA}.Debug|Any CPU.Build.0 = Debug|Any CPU
		{5BBC2755-3C7F-4847-BFBF-6B415CC4BDDA}.Debug|ARM.ActiveCfg = Debug|Any CPU
		{5BBC2755-3C7F-4847-BFBF-6B415CC4BDDA}.Debug|ARM.Build.0 = Debug|Any CPU
		{5BBC2755-3C7F-4847-BFBF-6B415CC4BDDA}.Debug|x64.ActiveCfg = Debug|Any CPU
		{5BBC2755-3C7F-4847-BFBF-6B415CC4BDDA}.Debug|x64.Build.0 = Debug|Any CPU
		{5BBC2755-3C7F-4847-BFBF-6B415CC4BDDA}.Debug|x86.ActiveCfg = Debug|Any CPU
		{5BBC2755-3C7F-4847-BFBF-6B415CC4BDDA}.Debug|x86.Build.0 = Debug|Any CPU
		{5BBC2755-3C7F-4847-BFBF-6B415CC4BDDA}.Release|Any CPU.ActiveCfg = Release|Any CPU
		{5BBC2755-3C7F-4847-BFBF-6B415CC4BDDA}.Release|Any CPU.Build.0 = Release|Any CPU
		{5BBC2755-3C7F-4847-BFBF-6B415CC4BDDA}.Release|ARM.ActiveCfg = Release|Any CPU
		{5BBC2755-3C7F-4847-BFBF-6B415CC4BDDA}.Release|ARM.Build.0 = Release|Any CPU
		{5BBC2755-3C7F-4847-BFBF-6B415CC4BDDA}.Release|x64.ActiveCfg = Release|Any CPU
		{5BBC2755-3C7F-4847-BFBF-6B415CC4BDDA}.Release|x64.Build.0 = Release|Any CPU
		{5BBC2755-3C7F-4847-BFBF-6B415CC4BDDA}.Release|x86.ActiveCfg = Release|Any CPU
		{5BBC2755-3C7F-4847-BFBF-6B415CC4BDDA}.Release|x86.Build.0 = Release|Any CPU
		{F362F6B0-90B4-449B-96F8-8C5D7E950C2C}.Debug|Any CPU.ActiveCfg = Debug|Any CPU
		{F362F6B0-90B4-449B-96F8-8C5D7E950C2C}.Debug|Any CPU.Build.0 = Debug|Any CPU
		{F362F6B0-90B4-449B-96F8-8C5D7E950C2C}.Debug|ARM.ActiveCfg = Debug|Any CPU
		{F362F6B0-90B4-449B-96F8-8C5D7E950C2C}.Debug|ARM.Build.0 = Debug|Any CPU
		{F362F6B0-90B4-449B-96F8-8C5D7E950C2C}.Debug|x64.ActiveCfg = Debug|Any CPU
		{F362F6B0-90B4-449B-96F8-8C5D7E950C2C}.Debug|x64.Build.0 = Debug|Any CPU
		{F362F6B0-90B4-449B-96F8-8C5D7E950C2C}.Debug|x86.ActiveCfg = Debug|Any CPU
		{F362F6B0-90B4-449B-96F8-8C5D7E950C2C}.Debug|x86.Build.0 = Debug|Any CPU
		{F362F6B0-90B4-449B-96F8-8C5D7E950C2C}.Release|Any CPU.ActiveCfg = Release|Any CPU
		{F362F6B0-90B4-449B-96F8-8C5D7E950C2C}.Release|Any CPU.Build.0 = Release|Any CPU
		{F362F6B0-90B4-449B-96F8-8C5D7E950C2C}.Release|ARM.ActiveCfg = Release|Any CPU
		{F362F6B0-90B4-449B-96F8-8C5D7E950C2C}.Release|ARM.Build.0 = Release|Any CPU
		{F362F6B0-90B4-449B-96F8-8C5D7E950C2C}.Release|x64.ActiveCfg = Release|Any CPU
		{F362F6B0-90B4-449B-96F8-8C5D7E950C2C}.Release|x64.Build.0 = Release|Any CPU
		{F362F6B0-90B4-449B-96F8-8C5D7E950C2C}.Release|x86.ActiveCfg = Release|Any CPU
		{F362F6B0-90B4-449B-96F8-8C5D7E950C2C}.Release|x86.Build.0 = Release|Any CPU
		{64F35568-C748-4EE2-BE6A-B8190F593857}.Debug|Any CPU.ActiveCfg = Debug|Any CPU
		{64F35568-C748-4EE2-BE6A-B8190F593857}.Debug|Any CPU.Build.0 = Debug|Any CPU
		{64F35568-C748-4EE2-BE6A-B8190F593857}.Debug|ARM.ActiveCfg = Debug|Any CPU
		{64F35568-C748-4EE2-BE6A-B8190F593857}.Debug|ARM.Build.0 = Debug|Any CPU
		{64F35568-C748-4EE2-BE6A-B8190F593857}.Debug|x64.ActiveCfg = Debug|Any CPU
		{64F35568-C748-4EE2-BE6A-B8190F593857}.Debug|x64.Build.0 = Debug|Any CPU
		{64F35568-C748-4EE2-BE6A-B8190F593857}.Debug|x86.ActiveCfg = Debug|Any CPU
		{64F35568-C748-4EE2-BE6A-B8190F593857}.Debug|x86.Build.0 = Debug|Any CPU
		{64F35568-C748-4EE2-BE6A-B8190F593857}.Release|Any CPU.ActiveCfg = Release|Any CPU
		{64F35568-C748-4EE2-BE6A-B8190F593857}.Release|Any CPU.Build.0 = Release|Any CPU
		{64F35568-C748-4EE2-BE6A-B8190F593857}.Release|ARM.ActiveCfg = Release|Any CPU
		{64F35568-C748-4EE2-BE6A-B8190F593857}.Release|ARM.Build.0 = Release|Any CPU
		{64F35568-C748-4EE2-BE6A-B8190F593857}.Release|x64.ActiveCfg = Release|Any CPU
		{64F35568-C748-4EE2-BE6A-B8190F593857}.Release|x64.Build.0 = Release|Any CPU
		{64F35568-C748-4EE2-BE6A-B8190F593857}.Release|x86.ActiveCfg = Release|Any CPU
		{64F35568-C748-4EE2-BE6A-B8190F593857}.Release|x86.Build.0 = Release|Any CPU
		{D6DD941D-5C15-4CE5-9BF3-69875F138420}.Debug|Any CPU.ActiveCfg = Debug|Any CPU
		{D6DD941D-5C15-4CE5-9BF3-69875F138420}.Debug|Any CPU.Build.0 = Debug|Any CPU
		{D6DD941D-5C15-4CE5-9BF3-69875F138420}.Debug|ARM.ActiveCfg = Debug|Any CPU
		{D6DD941D-5C15-4CE5-9BF3-69875F138420}.Debug|ARM.Build.0 = Debug|Any CPU
		{D6DD941D-5C15-4CE5-9BF3-69875F138420}.Debug|x64.ActiveCfg = Debug|Any CPU
		{D6DD941D-5C15-4CE5-9BF3-69875F138420}.Debug|x64.Build.0 = Debug|Any CPU
		{D6DD941D-5C15-4CE5-9BF3-69875F138420}.Debug|x86.ActiveCfg = Debug|Any CPU
		{D6DD941D-5C15-4CE5-9BF3-69875F138420}.Debug|x86.Build.0 = Debug|Any CPU
		{D6DD941D-5C15-4CE5-9BF3-69875F138420}.Release|Any CPU.ActiveCfg = Release|Any CPU
		{D6DD941D-5C15-4CE5-9BF3-69875F138420}.Release|Any CPU.Build.0 = Release|Any CPU
		{D6DD941D-5C15-4CE5-9BF3-69875F138420}.Release|ARM.ActiveCfg = Release|Any CPU
		{D6DD941D-5C15-4CE5-9BF3-69875F138420}.Release|ARM.Build.0 = Release|Any CPU
		{D6DD941D-5C15-4CE5-9BF3-69875F138420}.Release|x64.ActiveCfg = Release|Any CPU
		{D6DD941D-5C15-4CE5-9BF3-69875F138420}.Release|x64.Build.0 = Release|Any CPU
		{D6DD941D-5C15-4CE5-9BF3-69875F138420}.Release|x86.ActiveCfg = Release|Any CPU
		{D6DD941D-5C15-4CE5-9BF3-69875F138420}.Release|x86.Build.0 = Release|Any CPU
	EndGlobalSection
	GlobalSection(SolutionProperties) = preSolution
		HideSolutionNode = FALSE
	EndGlobalSection
	GlobalSection(NestedProjects) = preSolution
		{DAA436C4-AF4D-44A2-A387-2A80E56C7DA8} = {F3C297C0-4BA8-4CAE-AD27-2A6DFABF37F0}
		{CBB8CBBA-B785-4EF6-9021-48CED15006CB} = {F3C297C0-4BA8-4CAE-AD27-2A6DFABF37F0}
		{A18B7C13-C346-4F1E-AAD0-90ACD85CEA8A} = {F3C297C0-4BA8-4CAE-AD27-2A6DFABF37F0}
		{127859D4-7AD4-4D34-83BD-B24F8709B54F} = {F3C297C0-4BA8-4CAE-AD27-2A6DFABF37F0}
		{04608184-27B9-42A2-9E5E-69A6CB21ECFE} = {F3C297C0-4BA8-4CAE-AD27-2A6DFABF37F0}
		{6D5EF575-F212-4750-AF0C-8088C866ADFC} = {F3C297C0-4BA8-4CAE-AD27-2A6DFABF37F0}
		{1DB62BEF-1D62-49A3-923E-69E5091808DC} = {F3C297C0-4BA8-4CAE-AD27-2A6DFABF37F0}
		{360E79EA-6118-47A6-9F00-FA8ECFCA3338} = {F3C297C0-4BA8-4CAE-AD27-2A6DFABF37F0}
		{5BBC2755-3C7F-4847-BFBF-6B415CC4BDDA} = {F3C297C0-4BA8-4CAE-AD27-2A6DFABF37F0}
		{F362F6B0-90B4-449B-96F8-8C5D7E950C2C} = {F3C297C0-4BA8-4CAE-AD27-2A6DFABF37F0}
		{64F35568-C748-4EE2-BE6A-B8190F593857} = {F3C297C0-4BA8-4CAE-AD27-2A6DFABF37F0}
		{D6DD941D-5C15-4CE5-9BF3-69875F138420} = {F3C297C0-4BA8-4CAE-AD27-2A6DFABF37F0}
	EndGlobalSection
EndGlobal
