
Microsoft Visual Studio Solution File, Format Version 12.00
# Visual Studio 14
VisualStudioVersion = 14.0.22609.0
MinimumVisualStudioVersion = 10.0.40219.1
Project("{FAE04EC0-301F-11D3-BF4B-00C04F79EFBC}") = "Lex.Db.Net45", "Lex.Db\Lex.Db.Net45.csproj", "{CF7AB17A-E786-418B-A86C-E9A1A6C9D801}"
EndProject
Project("{2150E333-8FDC-42A3-9474-1A3956D46DE8}") = "Platforms", "Platforms", "{B6C1BC4C-4067-426D-90D3-E7ECBA58C49B}"
EndProject
Project("{FAE04EC0-301F-11D3-BF4B-00C04F79EFBC}") = "Lex.Db.Net4", "Lex.Db\Lex.Db.Net4.csproj", "{5FA54DB2-1721-409D-A715-03D3C7548784}"
EndProject
Project("{FAE04EC0-301F-11D3-BF4B-00C04F79EFBC}") = "Lex.Db.SL5", "Lex.Db\Lex.Db.SL5.csproj", "{224DA947-A3CA-4130-A542-EFE791ACFB6D}"
EndProject
Project("{FAE04EC0-301F-11D3-BF4B-00C04F79EFBC}") = "Lex.Db.WinPhone8", "Lex.Db\Lex.Db.WinPhone8.csproj", "{181F8EF6-C978-4E6F-8506-E09F49AEF483}"
EndProject
Project("{FAE04EC0-301F-11D3-BF4B-00C04F79EFBC}") = "Lex.Db.WinPhone81", "Lex.Db\Lex.Db.WinPhone81.csproj", "{185ECF82-7CB8-42E0-BB49-9D56F4294CB5}"
EndProject
Project("{FAE04EC0-301F-11D3-BF4B-00C04F79EFBC}") = "Lex.Db.WinRT", "Lex.Db\Lex.Db.WinRT.csproj", "{80499B59-69BE-45CC-8BD4-4AF8DBF7776C}"
EndProject
Project("{FAE04EC0-301F-11D3-BF4B-00C04F79EFBC}") = "Lex.Db.WinRT81", "Lex.Db\Lex.Db.WinRT81.csproj", "{7C063ABD-5807-4076-99AF-F7167AFDA82E}"
EndProject
Project("{FAE04EC0-301F-11D3-BF4B-00C04F79EFBC}") = "Lex.Db.WinPhoneRT81", "Lex.Db\Lex.Db.WinPhoneRT81.csproj", "{1E566521-B6E7-4330-8341-095F4352C373}"
EndProject
Project("{FAE04EC0-301F-11D3-BF4B-00C04F79EFBC}") = "Lex.Db.Portable", "Lex.Db\Lex.Db.Portable.csproj", "{F734D16C-A6E2-4748-9A21-EF774F788ECD}"
EndProject
Project("{FAE04EC0-301F-11D3-BF4B-00C04F79EFBC}") = "Lex.Db.iOS", "Lex.Db\Lex.Db.iOS.csproj", "{2F7560B6-7DF6-4E87-AA34-4B7F085DA7F0}"
EndProject
Global
	GlobalSection(SolutionConfigurationPlatforms) = preSolution
		Debug|Any CPU = Debug|Any CPU
		Release|Any CPU = Release|Any CPU
	EndGlobalSection
	GlobalSection(ProjectConfigurationPlatforms) = postSolution
		{CF7AB17A-E786-418B-A86C-E9A1A6C9D801}.Debug|Any CPU.ActiveCfg = Debug|Any CPU
		{CF7AB17A-E786-418B-A86C-E9A1A6C9D801}.Debug|Any CPU.Build.0 = Debug|Any CPU
		{CF7AB17A-E786-418B-A86C-E9A1A6C9D801}.Release|Any CPU.ActiveCfg = Release|Any CPU
		{CF7AB17A-E786-418B-A86C-E9A1A6C9D801}.Release|Any CPU.Build.0 = Release|Any CPU
		{5FA54DB2-1721-409D-A715-03D3C7548784}.Debug|Any CPU.ActiveCfg = Debug|Any CPU
		{5FA54DB2-1721-409D-A715-03D3C7548784}.Debug|Any CPU.Build.0 = Debug|Any CPU
		{5FA54DB2-1721-409D-A715-03D3C7548784}.Release|Any CPU.ActiveCfg = Release|Any CPU
		{5FA54DB2-1721-409D-A715-03D3C7548784}.Release|Any CPU.Build.0 = Release|Any CPU
		{224DA947-A3CA-4130-A542-EFE791ACFB6D}.Debug|Any CPU.ActiveCfg = Debug|Any CPU
		{224DA947-A3CA-4130-A542-EFE791ACFB6D}.Debug|Any CPU.Build.0 = Debug|Any CPU
		{224DA947-A3CA-4130-A542-EFE791ACFB6D}.Release|Any CPU.ActiveCfg = Release|Any CPU
		{224DA947-A3CA-4130-A542-EFE791ACFB6D}.Release|Any CPU.Build.0 = Release|Any CPU
		{181F8EF6-C978-4E6F-8506-E09F49AEF483}.Debug|Any CPU.ActiveCfg = Debug|Any CPU
		{181F8EF6-C978-4E6F-8506-E09F49AEF483}.Debug|Any CPU.Build.0 = Debug|Any CPU
		{181F8EF6-C978-4E6F-8506-E09F49AEF483}.Release|Any CPU.ActiveCfg = Release|Any CPU
		{181F8EF6-C978-4E6F-8506-E09F49AEF483}.Release|Any CPU.Build.0 = Release|Any CPU
		{185ECF82-7CB8-42E0-BB49-9D56F4294CB5}.Debug|Any CPU.ActiveCfg = Debug|Any CPU
		{185ECF82-7CB8-42E0-BB49-9D56F4294CB5}.Debug|Any CPU.Build.0 = Debug|Any CPU
		{185ECF82-7CB8-42E0-BB49-9D56F4294CB5}.Release|Any CPU.ActiveCfg = Release|Any CPU
		{185ECF82-7CB8-42E0-BB49-9D56F4294CB5}.Release|Any CPU.Build.0 = Release|Any CPU
		{80499B59-69BE-45CC-8BD4-4AF8DBF7776C}.Debug|Any CPU.ActiveCfg = Debug|Any CPU
		{80499B59-69BE-45CC-8BD4-4AF8DBF7776C}.Debug|Any CPU.Build.0 = Debug|Any CPU
		{80499B59-69BE-45CC-8BD4-4AF8DBF7776C}.Release|Any CPU.ActiveCfg = Release|Any CPU
		{80499B59-69BE-45CC-8BD4-4AF8DBF7776C}.Release|Any CPU.Build.0 = Release|Any CPU
		{7C063ABD-5807-4076-99AF-F7167AFDA82E}.Debug|Any CPU.ActiveCfg = Debug|Any CPU
		{7C063ABD-5807-4076-99AF-F7167AFDA82E}.Debug|Any CPU.Build.0 = Debug|Any CPU
		{7C063ABD-5807-4076-99AF-F7167AFDA82E}.Release|Any CPU.ActiveCfg = Release|Any CPU
		{7C063ABD-5807-4076-99AF-F7167AFDA82E}.Release|Any CPU.Build.0 = Release|Any CPU
		{1E566521-B6E7-4330-8341-095F4352C373}.Debug|Any CPU.ActiveCfg = Debug|Any CPU
		{1E566521-B6E7-4330-8341-095F4352C373}.Debug|Any CPU.Build.0 = Debug|Any CPU
		{1E566521-B6E7-4330-8341-095F4352C373}.Release|Any CPU.ActiveCfg = Release|Any CPU
		{1E566521-B6E7-4330-8341-095F4352C373}.Release|Any CPU.Build.0 = Release|Any CPU
		{F734D16C-A6E2-4748-9A21-EF774F788ECD}.Debug|Any CPU.ActiveCfg = Debug|Any CPU
		{F734D16C-A6E2-4748-9A21-EF774F788ECD}.Debug|Any CPU.Build.0 = Debug|Any CPU
		{F734D16C-A6E2-4748-9A21-EF774F788ECD}.Release|Any CPU.ActiveCfg = Release|Any CPU
		{F734D16C-A6E2-4748-9A21-EF774F788ECD}.Release|Any CPU.Build.0 = Release|Any CPU
		{2F7560B6-7DF6-4E87-AA34-4B7F085DA7F0}.Debug|Any CPU.ActiveCfg = Debug|Any CPU
		{2F7560B6-7DF6-4E87-AA34-4B7F085DA7F0}.Debug|Any CPU.Build.0 = Debug|Any CPU
		{2F7560B6-7DF6-4E87-AA34-4B7F085DA7F0}.Release|Any CPU.ActiveCfg = Release|Any CPU
		{2F7560B6-7DF6-4E87-AA34-4B7F085DA7F0}.Release|Any CPU.Build.0 = Release|Any CPU
	EndGlobalSection
	GlobalSection(SolutionProperties) = preSolution
		HideSolutionNode = FALSE
	EndGlobalSection
	GlobalSection(NestedProjects) = preSolution
		{CF7AB17A-E786-418B-A86C-E9A1A6C9D801} = {B6C1BC4C-4067-426D-90D3-E7ECBA58C49B}
		{5FA54DB2-1721-409D-A715-03D3C7548784} = {B6C1BC4C-4067-426D-90D3-E7ECBA58C49B}
		{224DA947-A3CA-4130-A542-EFE791ACFB6D} = {B6C1BC4C-4067-426D-90D3-E7ECBA58C49B}
		{181F8EF6-C978-4E6F-8506-E09F49AEF483} = {B6C1BC4C-4067-426D-90D3-E7ECBA58C49B}
		{185ECF82-7CB8-42E0-BB49-9D56F4294CB5} = {B6C1BC4C-4067-426D-90D3-E7ECBA58C49B}
		{80499B59-69BE-45CC-8BD4-4AF8DBF7776C} = {B6C1BC4C-4067-426D-90D3-E7ECBA58C49B}
		{7C063ABD-5807-4076-99AF-F7167AFDA82E} = {B6C1BC4C-4067-426D-90D3-E7ECBA58C49B}
		{1E566521-B6E7-4330-8341-095F4352C373} = {B6C1BC4C-4067-426D-90D3-E7ECBA58C49B}
		{F734D16C-A6E2-4748-9A21-EF774F788ECD} = {B6C1BC4C-4067-426D-90D3-E7ECBA58C49B}
		{2F7560B6-7DF6-4E87-AA34-4B7F085DA7F0} = {B6C1BC4C-4067-426D-90D3-E7ECBA58C49B}
	EndGlobalSection
	GlobalSection(ExtensibilityGlobals) = postSolution
		VisualSVNWorkingCopyRoot = .
	EndGlobalSection
EndGlobal
